
Microsoft Visual Studio Solution File, Format Version 12.00
# Visual Studio 15
VisualStudioVersion = 15.0.28307.489
MinimumVisualStudioVersion = 10.0.40219.1
Project("{FAE04EC0-301F-11D3-BF4B-00C04F79EFBC}") = "ApiWithSecurity", "ApiWithSecurity\ApiWithSecurity.csproj", "{CE169272-C42A-4E90-9790-44F4A198DD29}"
EndProject
Global
	GlobalSection(SolutionConfigurationPlatforms) = preSolution
		Debug|Any CPU = Debug|Any CPU
		Release|Any CPU = Release|Any CPU
	EndGlobalSection
	GlobalSection(ProjectConfigurationPlatforms) = postSolution
		{CE169272-C42A-4E90-9790-44F4A198DD29}.Debug|Any CPU.ActiveCfg = Debug|Any CPU
		{CE169272-C42A-4E90-9790-44F4A198DD29}.Debug|Any CPU.Build.0 = Debug|Any CPU
		{CE169272-C42A-4E90-9790-44F4A198DD29}.Release|Any CPU.ActiveCfg = Release|Any CPU
		{CE169272-C42A-4E90-9790-44F4A198DD29}.Release|Any CPU.Build.0 = Release|Any CPU
	EndGlobalSection
	GlobalSection(SolutionProperties) = preSolution
		HideSolutionNode = FALSE
	EndGlobalSection
	GlobalSection(ExtensibilityGlobals) = postSolution
		SolutionGuid = {52A29518-D0AF-4C54-B49E-44F3E8F2C1FC}
	EndGlobalSection
EndGlobal
